// !$*UTF8*$!
{
	archiveVersion = 1;
	classes = {
	};
	objectVersion = 46;
	objects = {

/* Begin PBXBuildFile section */
		75D3386F1CC873DF00EB94F5 /* AppDelegate.swift in Sources */ = {isa = PBXBuildFile; fileRef = 75D3386E1CC873DF00EB94F5 /* AppDelegate.swift */; };
		75D338711CC873DF00EB94F5 /* ViewController.swift in Sources */ = {isa = PBXBuildFile; fileRef = 75D338701CC873DF00EB94F5 /* ViewController.swift */; };
		75D338741CC873DF00EB94F5 /* Main.storyboard in Resources */ = {isa = PBXBuildFile; fileRef = 75D338721CC873DF00EB94F5 /* Main.storyboard */; };
		75D338761CC873DF00EB94F5 /* Assets.xcassets in Resources */ = {isa = PBXBuildFile; fileRef = 75D338751CC873DF00EB94F5 /* Assets.xcassets */; };
		75D338791CC873DF00EB94F5 /* LaunchScreen.storyboard in Resources */ = {isa = PBXBuildFile; fileRef = 75D338771CC873DF00EB94F5 /* LaunchScreen.storyboard */; };
		75D338811CC8743D00EB94F5 /* ImageViewController.swift in Sources */ = {isa = PBXBuildFile; fileRef = 75D338801CC8743D00EB94F5 /* ImageViewController.swift */; };
		75D338831CC87DBF00EB94F5 /* DemoURL.swift in Sources */ = {isa = PBXBuildFile; fileRef = 75D338821CC87DBF00EB94F5 /* DemoURL.swift */; };
/* End PBXBuildFile section */

/* Begin PBXFileReference section */
		75D3386B1CC873DF00EB94F5 /* Cassini.app */ = {isa = PBXFileReference; explicitFileType = wrapper.application; includeInIndex = 0; path = Cassini.app; sourceTree = BUILT_PRODUCTS_DIR; };
		75D3386E1CC873DF00EB94F5 /* AppDelegate.swift */ = {isa = PBXFileReference; lastKnownFileType = sourcecode.swift; path = AppDelegate.swift; sourceTree = "<group>"; };
		75D338701CC873DF00EB94F5 /* ViewController.swift */ = {isa = PBXFileReference; lastKnownFileType = sourcecode.swift; path = ViewController.swift; sourceTree = "<group>"; };
		75D338731CC873DF00EB94F5 /* Base */ = {isa = PBXFileReference; lastKnownFileType = file.storyboard; name = Base; path = Base.lproj/Main.storyboard; sourceTree = "<group>"; };
		75D338751CC873DF00EB94F5 /* Assets.xcassets */ = {isa = PBXFileReference; lastKnownFileType = folder.assetcatalog; path = Assets.xcassets; sourceTree = "<group>"; };
		75D338781CC873DF00EB94F5 /* Base */ = {isa = PBXFileReference; lastKnownFileType = file.storyboard; name = Base; path = Base.lproj/LaunchScreen.storyboard; sourceTree = "<group>"; };
		75D3387A1CC873DF00EB94F5 /* Info.plist */ = {isa = PBXFileReference; lastKnownFileType = text.plist.xml; path = Info.plist; sourceTree = "<group>"; };
		75D338801CC8743D00EB94F5 /* ImageViewController.swift */ = {isa = PBXFileReference; fileEncoding = 4; lastKnownFileType = sourcecode.swift; path = ImageViewController.swift; sourceTree = "<group>"; };
		75D338821CC87DBF00EB94F5 /* DemoURL.swift */ = {isa = PBXFileReference; fileEncoding = 4; lastKnownFileType = sourcecode.swift; path = DemoURL.swift; sourceTree = "<group>"; };
/* End PBXFileReference section */

/* Begin PBXFrameworksBuildPhase section */
		75D338681CC873DF00EB94F5 /* Frameworks */ = {
			isa = PBXFrameworksBuildPhase;
			buildActionMask = 2147483647;
			files = (
			);
			runOnlyForDeploymentPostprocessing = 0;
		};
/* End PBXFrameworksBuildPhase section */

/* Begin PBXGroup section */
		75D338621CC873DF00EB94F5 = {
			isa = PBXGroup;
			children = (
				75D3386D1CC873DF00EB94F5 /* Cassini */,
				75D3386C1CC873DF00EB94F5 /* Products */,
			);
			sourceTree = "<group>";
		};
		75D3386C1CC873DF00EB94F5 /* Products */ = {
			isa = PBXGroup;
			children = (
				75D3386B1CC873DF00EB94F5 /* Cassini.app */,
			);
			name = Products;
			sourceTree = "<group>";
		};
		75D3386D1CC873DF00EB94F5 /* Cassini */ = {
			isa = PBXGroup;
			children = (
				75D3386E1CC873DF00EB94F5 /* AppDelegate.swift */,
				75D338701CC873DF00EB94F5 /* ViewController.swift */,
				75D338801CC8743D00EB94F5 /* ImageViewController.swift */,
				75D338821CC87DBF00EB94F5 /* DemoURL.swift */,
				75D338721CC873DF00EB94F5 /* Main.storyboard */,
				75D338751CC873DF00EB94F5 /* Assets.xcassets */,
				75D338771CC873DF00EB94F5 /* LaunchScreen.storyboard */,
				75D3387A1CC873DF00EB94F5 /* Info.plist */,
			);
			path = Cassini;
			sourceTree = "<group>";
		};
/* End PBXGroup section */

/* Begin PBXNativeTarget section */
		75D3386A1CC873DF00EB94F5 /* Cassini */ = {
			isa = PBXNativeTarget;
			buildConfigurationList = 75D3387D1CC873DF00EB94F5 /* Build configuration list for PBXNativeTarget "Cassini" */;
			buildPhases = (
				75D338671CC873DF00EB94F5 /* Sources */,
				75D338681CC873DF00EB94F5 /* Frameworks */,
				75D338691CC873DF00EB94F5 /* Resources */,
			);
			buildRules = (
			);
			dependencies = (
			);
			name = Cassini;
			productName = Cassini;
			productReference = 75D3386B1CC873DF00EB94F5 /* Cassini.app */;
			productType = "com.apple.product-type.application";
		};
/* End PBXNativeTarget section */

/* Begin PBXProject section */
		75D338631CC873DF00EB94F5 /* Project object */ = {
			isa = PBXProject;
			attributes = {
				LastSwiftUpdateCheck = 0720;
				LastUpgradeCheck = 0720;
				ORGANIZATIONNAME = Leo.Tian;
				TargetAttributes = {
					75D3386A1CC873DF00EB94F5 = {
						CreatedOnToolsVersion = 7.2.1;
						DevelopmentTeam = NGKULZB38T;
					};
				};
			};
			buildConfigurationList = 75D338661CC873DF00EB94F5 /* Build configuration list for PBXProject "Cassini" */;
			compatibilityVersion = "Xcode 3.2";
			developmentRegion = English;
			hasScannedForEncodings = 0;
			knownRegions = (
				en,
				Base,
			);
			mainGroup = 75D338621CC873DF00EB94F5;
			productRefGroup = 75D3386C1CC873DF00EB94F5 /* Products */;
			projectDirPath = "";
			projectRoot = "";
			targets = (
				75D3386A1CC873DF00EB94F5 /* Cassini */,
			);
		};
/* End PBXProject section */

/* Begin PBXResourcesBuildPhase section */
		75D338691CC873DF00EB94F5 /* Resources */ = {
			isa = PBXResourcesBuildPhase;
			buildActionMask = 2147483647;
			files = (
				75D338791CC873DF00EB94F5 /* LaunchScreen.storyboard in Resources */,
				75D338761CC873DF00EB94F5 /* Assets.xcassets in Resources */,
				75D338741CC873DF00EB94F5 /* Main.storyboard in Resources */,
			);
			runOnlyForDeploymentPostprocessing = 0;
		};
/* End PBXResourcesBuildPhase section */

/* Begin PBXSourcesBuildPhase section */
		75D338671CC873DF00EB94F5 /* Sources */ = {
			isa = PBXSourcesBuildPhase;
			buildActionMask = 2147483647;
			files = (
				75D338831CC87DBF00EB94F5 /* DemoURL.swift in Sources */,
				75D338711CC873DF00EB94F5 /* ViewController.swift in Sources */,
				75D338811CC8743D00EB94F5 /* ImageViewController.swift in Sources */,
				75D3386F1CC873DF00EB94F5 /* AppDelegate.swift in Sources */,
			);
			runOnlyForDeploymentPostprocessing = 0;
		};
/* End PBXSourcesBuildPhase section */

/* Begin PBXVariantGroup section */
		75D338721CC873DF00EB94F5 /* Main.storyboard */ = {
			isa = PBXVariantGroup;
			children = (
				75D338731CC873DF00EB94F5 /* Base */,
			);
			name = Main.storyboard;
			sourceTree = "<group>";
		};
		75D338771CC873DF00EB94F5 /* LaunchScreen.storyboard */ = {
			isa = PBXVariantGroup;
			children = (
				75D338781CC873DF00EB94F5 /* Base */,
			);
			name = LaunchScreen.storyboard;
			sourceTree = "<group>";
		};
/* End PBXVariantGroup section */

/* Begin XCBuildConfiguration section */
		75D3387B1CC873DF00EB94F5 /* Debug */ = {
			isa = XCBuildConfiguration;
			buildSettings = {
				ALWAYS_SEARCH_USER_PATHS = NO;
				CLANG_CXX_LANGUAGE_STANDARD = "gnu++0x";
				CLANG_CXX_LIBRARY = "libc++";
				CLANG_ENABLE_MODULES = YES;
				CLANG_ENABLE_OBJC_ARC = YES;
				CLANG_WARN_BOOL_CONVERSION = YES;
				CLANG_WARN_CONSTANT_CONVERSION = YES;
				CLANG_WARN_DIRECT_OBJC_ISA_USAGE = YES_ERROR;
				CLANG_WARN_EMPTY_BODY = YES;
				CLANG_WARN_ENUM_CONVERSION = YES;
				CLANG_WARN_INT_CONVERSION = YES;
				CLANG_WARN_OBJC_ROOT_CLASS = YES_ERROR;
				CLANG_WARN_UNREACHABLE_CODE = YES;
				CLANG_WARN__DUPLICATE_METHOD_MATCH = YES;
				"CODE_SIGN_IDENTITY[sdk=iphoneos*]" = "iPhone Developer";
				COPY_PHASE_STRIP = NO;
				DEBUG_INFORMATION_FORMAT = dwarf;
				ENABLE_STRICT_OBJC_MSGSEND = YES;
				ENABLE_TESTABILITY = YES;
				GCC_C_LANGUAGE_STANDARD = gnu99;
				GCC_DYNAMIC_NO_PIC = NO;
				GCC_NO_COMMON_BLOCKS = YES;
				GCC_OPTIMIZATION_LEVEL = 0;
				GCC_PREPROCESSOR_DEFINITIONS = (
					"DEBUG=1",
					"$(inherited)",
				);
				GCC_WARN_64_TO_32_BIT_CONVERSION = YES;
				GCC_WARN_ABOUT_RETURN_TYPE = YES_ERROR;
				GCC_WARN_UNDECLARED_SELECTOR = YES;
				GCC_WARN_UNINITIALIZED_AUTOS = YES_AGGRESSIVE;
				GCC_WARN_UNUSED_FUNCTION = YES;
				GCC_WARN_UNUSED_VARIABLE = YES;
				IPHONEOS_DEPLOYMENT_TARGET = 9.2;
				MTL_ENABLE_DEBUG_INFO = YES;
				ONLY_ACTIVE_ARCH = YES;
				SDKROOT = iphoneos;
				SWIFT_OPTIMIZATION_LEVEL = "-Onone";
				TARGETED_DEVICE_FAMILY = "1,2";
			};
			name = Debug;
		};
		75D3387C1CC873DF00EB94F5 /* Release */ = {
			isa = XCBuildConfiguration;
			buildSettings = {
				ALWAYS_SEARCH_USER_PATHS = NO;
				CLANG_CXX_LANGUAGE_STANDARD = "gnu++0x";
				CLANG_CXX_LIBRARY = "libc++";
				CLANG_ENABLE_MODULES = YES;
				CLANG_ENABLE_OBJC_ARC = YES;
				CLANG_WARN_BOOL_CONVERSION = YES;
				CLANG_WARN_CONSTANT_CONVERSION = YES;
				CLANG_WARN_DIRECT_OBJC_ISA_USAGE = YES_ERROR;
				CLANG_WARN_EMPTY_BODY = YES;
				CLANG_WARN_ENUM_CONVERSION = YES;
				CLANG_WARN_INT_CONVERSION = YES;
				CLANG_WARN_OBJC_ROOT_CLASS = YES_ERROR;
				CLANG_WARN_UNREACHABLE_CODE = YES;
				CLANG_WARN__DUPLICATE_METHOD_MATCH = YES;
				"CODE_SIGN_IDENTITY[sdk=iphoneos*]" = "iPhone Developer";
				COPY_PHASE_STRIP = NO;
				DEBUG_INFORMATION_FORMAT = "dwarf-with-dsym";
				ENABLE_NS_ASSERTIONS = NO;
				ENABLE_STRICT_OBJC_MSGSEND = YES;
				GCC_C_LANGUAGE_STANDARD = gnu99;
				GCC_NO_COMMON_BLOCKS = YES;
				GCC_WARN_64_TO_32_BIT_CONVERSION = YES;
				GCC_WARN_ABOUT_RETURN_TYPE = YES_ERROR;
				GCC_WARN_UNDECLARED_SELECTOR = YES;
				GCC_WARN_UNINITIALIZED_AUTOS = YES_AGGRESSIVE;
				GCC_WARN_UNUSED_FUNCTION = YES;
				GCC_WARN_UNUSED_VARIABLE = YES;
				IPHONEOS_DEPLOYMENT_TARGET = 9.2;
				MTL_ENABLE_DEBUG_INFO = NO;
				SDKROOT = iphoneos;
				TARGETED_DEVICE_FAMILY = "1,2";
				VALIDATE_PRODUCT = YES;
			};
			name = Release;
		};
		75D3387E1CC873DF00EB94F5 /* Debug */ = {
			isa = XCBuildConfiguration;
			buildSettings = {
				ASSETCATALOG_COMPILER_APPICON_NAME = AppIcon;
				INFOPLIST_FILE = Cassini/Info.plist;
				LD_RUNPATH_SEARCH_PATHS = "$(inherited) @executable_path/Frameworks";
				PRODUCT_BUNDLE_IDENTIFIER = LeoTutorial.Cassini;
				PRODUCT_NAME = "$(TARGET_NAME)";
			};
			name = Debug;
		};
		75D3387F1CC873DF00EB94F5 /* Release */ = {
			isa = XCBuildConfiguration;
			buildSettings = {
				ASSETCATALOG_COMPILER_APPICON_NAME = AppIcon;
				INFOPLIST_FILE = Cassini/Info.plist;
				LD_RUNPATH_SEARCH_PATHS = "$(inherited) @executable_path/Frameworks";
				PRODUCT_BUNDLE_IDENTIFIER = LeoTutorial.Cassini;
				PRODUCT_NAME = "$(TARGET_NAME)";
			};
			name = Release;
		};
/* End XCBuildConfiguration section */

/* Begin XCConfigurationList section */
		75D338661CC873DF00EB94F5 /* Build configuration list for PBXProject "Cassini" */ = {
			isa = XCConfigurationList;
			buildConfigurations = (
				75D3387B1CC873DF00EB94F5 /* Debug */,
				75D3387C1CC873DF00EB94F5 /* Release */,
			);
			defaultConfigurationIsVisible = 0;
			defaultConfigurationName = Release;
		};
		75D3387D1CC873DF00EB94F5 /* Build configuration list for PBXNativeTarget "Cassini" */ = {
			isa = XCConfigurationList;
			buildConfigurations = (
				75D3387E1CC873DF00EB94F5 /* Debug */,
				75D3387F1CC873DF00EB94F5 /* Release */,
			);
			defaultConfigurationIsVisible = 0;
		};
/* End XCConfigurationList section */
	};
	rootObject = 75D338631CC873DF00EB94F5 /* Project object */;
}
